
Microsoft Visual Studio Solution File, Format Version 12.00
# Visual Studio Version 17
VisualStudioVersion = 17.11.35312.102
MinimumVisualStudioVersion = 10.0.40219.1
Project("{FAE04EC0-301F-11D3-BF4B-00C04F79EFBC}") = "CoffeeTask", "CoffeeTask\CoffeeTask.csproj", "{7B917779-30FD-4AD2-9CFB-BBF91AC1C8B6}"
EndProject
Global
	GlobalSection(SolutionConfigurationPlatforms) = preSolution
		Debug|Any CPU = Debug|Any CPU
		Release|Any CPU = Release|Any CPU
	EndGlobalSection
	GlobalSection(ProjectConfigurationPlatforms) = postSolution
		{7B917779-30FD-4AD2-9CFB-BBF91AC1C8B6}.Debug|Any CPU.ActiveCfg = Debug|Any CPU
		{7B917779-30FD-4AD2-9CFB-BBF91AC1C8B6}.Debug|Any CPU.Build.0 = Debug|Any CPU
		{7B917779-30FD-4AD2-9CFB-BBF91AC1C8B6}.Release|Any CPU.ActiveCfg = Release|Any CPU
		{7B917779-30FD-4AD2-9CFB-BBF91AC1C8B6}.Release|Any CPU.Build.0 = Release|Any CPU
	EndGlobalSection
	GlobalSection(SolutionProperties) = preSolution
		HideSolutionNode = FALSE
	EndGlobalSection
	GlobalSection(ExtensibilityGlobals) = postSolution
		SolutionGuid = {C9FF5D58-26C4-46F6-8DEF-E5544AB12222}
	EndGlobalSection
EndGlobal
